
Microsoft Visual Studio Solution File, Format Version 12.00
# Visual Studio Version 17
VisualStudioVersion = 17.6.33723.286
MinimumVisualStudioVersion = 10.0.40219.1
Project("{9A19103F-16F7-4668-BE54-9A1E7A4F7556}") = "Introduccion", "Introduccion\Introduccion.csproj", "{34A75C34-6485-4223-806B-D922B0D48116}"
EndProject
Project("{9A19103F-16F7-4668-BE54-9A1E7A4F7556}") = "condiciones", "condiciones\condiciones.csproj", "{93E60AF5-902C-4346-B4B6-667A042D9532}"
EndProject
Project("{9A19103F-16F7-4668-BE54-9A1E7A4F7556}") = "bucles y tipos de Datos", "bucles\bucles y tipos de Datos.csproj", "{92B5C372-7F18-4E0D-A355-56D9B7E9A06E}"
EndProject
Project("{9A19103F-16F7-4668-BE54-9A1E7A4F7556}") = "Array y Listas", "Array y Listas\Array y Listas.csproj", "{50E66745-F8EA-4F6E-9AA5-1A84CC0060DF}"
EndProject
Project("{2150E333-8FDC-42A3-9474-1A3956D46DE8}") = "Parte1", "Parte1", "{37457CB4-F9B1-46CC-BFFA-CFFD14347DED}"
EndProject
Project("{2150E333-8FDC-42A3-9474-1A3956D46DE8}") = "programacion Basica", "programacion Basica", "{DE013BA9-FDDF-4723-A575-E81F0C87397A}"
EndProject
Project("{9A19103F-16F7-4668-BE54-9A1E7A4F7556}") = "String y Fechas", "String y Fechas\String y Fechas.csproj", "{9C35A164-40CB-442B-9973-9E08E53DE091}"
EndProject
Project("{9A19103F-16F7-4668-BE54-9A1E7A4F7556}") = "Fechas", "Fechas\Fechas.csproj", "{F562F441-849B-4763-A0C7-6F1106A474FF}"
EndProject
Project("{2150E333-8FDC-42A3-9474-1A3956D46DE8}") = "Programacion Intermedia", "Programacion Intermedia", "{4E7D44E6-264B-4051-A641-0366699341F4}"
EndProject
Project("{9A19103F-16F7-4668-BE54-9A1E7A4F7556}") = "POO_Herencia", "POO_Herencia\POO_Herencia.csproj", "{99F59E35-923F-4D3C-ABDE-E936BE9E261A}"
EndProject
Project("{9A19103F-16F7-4668-BE54-9A1E7A4F7556}") = "Generics", "Generics\Generics.csproj", "{A61B2AFC-D276-4B4D-9AC2-0EEEE8A964DE}"
EndProject
Project("{FAE04EC0-301F-11D3-BF4B-00C04F79EFBC}") = "Structuras", "Structuras\Structuras.csproj", "{736470C1-5FCB-413B-B570-78931D97DD43}"
EndProject
Global
	GlobalSection(SolutionConfigurationPlatforms) = preSolution
		Debug|Any CPU = Debug|Any CPU
		Release|Any CPU = Release|Any CPU
	EndGlobalSection
	GlobalSection(ProjectConfigurationPlatforms) = postSolution
		{34A75C34-6485-4223-806B-D922B0D48116}.Debug|Any CPU.ActiveCfg = Debug|Any CPU
		{34A75C34-6485-4223-806B-D922B0D48116}.Debug|Any CPU.Build.0 = Debug|Any CPU
		{34A75C34-6485-4223-806B-D922B0D48116}.Release|Any CPU.ActiveCfg = Release|Any CPU
		{34A75C34-6485-4223-806B-D922B0D48116}.Release|Any CPU.Build.0 = Release|Any CPU
		{93E60AF5-902C-4346-B4B6-667A042D9532}.Debug|Any CPU.ActiveCfg = Debug|Any CPU
		{93E60AF5-902C-4346-B4B6-667A042D9532}.Debug|Any CPU.Build.0 = Debug|Any CPU
		{93E60AF5-902C-4346-B4B6-667A042D9532}.Release|Any CPU.ActiveCfg = Release|Any CPU
		{93E60AF5-902C-4346-B4B6-667A042D9532}.Release|Any CPU.Build.0 = Release|Any CPU
		{92B5C372-7F18-4E0D-A355-56D9B7E9A06E}.Debug|Any CPU.ActiveCfg = Debug|Any CPU
		{92B5C372-7F18-4E0D-A355-56D9B7E9A06E}.Debug|Any CPU.Build.0 = Debug|Any CPU
		{92B5C372-7F18-4E0D-A355-56D9B7E9A06E}.Release|Any CPU.ActiveCfg = Release|Any CPU
		{92B5C372-7F18-4E0D-A355-56D9B7E9A06E}.Release|Any CPU.Build.0 = Release|Any CPU
		{50E66745-F8EA-4F6E-9AA5-1A84CC0060DF}.Debug|Any CPU.ActiveCfg = Debug|Any CPU
		{50E66745-F8EA-4F6E-9AA5-1A84CC0060DF}.Debug|Any CPU.Build.0 = Debug|Any CPU
		{50E66745-F8EA-4F6E-9AA5-1A84CC0060DF}.Release|Any CPU.ActiveCfg = Release|Any CPU
		{50E66745-F8EA-4F6E-9AA5-1A84CC0060DF}.Release|Any CPU.Build.0 = Release|Any CPU
		{9C35A164-40CB-442B-9973-9E08E53DE091}.Debug|Any CPU.ActiveCfg = Debug|Any CPU
		{9C35A164-40CB-442B-9973-9E08E53DE091}.Debug|Any CPU.Build.0 = Debug|Any CPU
		{9C35A164-40CB-442B-9973-9E08E53DE091}.Release|Any CPU.ActiveCfg = Release|Any CPU
		{9C35A164-40CB-442B-9973-9E08E53DE091}.Release|Any CPU.Build.0 = Release|Any CPU
		{F562F441-849B-4763-A0C7-6F1106A474FF}.Debug|Any CPU.ActiveCfg = Debug|Any CPU
		{F562F441-849B-4763-A0C7-6F1106A474FF}.Debug|Any CPU.Build.0 = Debug|Any CPU
		{F562F441-849B-4763-A0C7-6F1106A474FF}.Release|Any CPU.ActiveCfg = Release|Any CPU
		{F562F441-849B-4763-A0C7-6F1106A474FF}.Release|Any CPU.Build.0 = Release|Any CPU
		{99F59E35-923F-4D3C-ABDE-E936BE9E261A}.Debug|Any CPU.ActiveCfg = Debug|Any CPU
		{99F59E35-923F-4D3C-ABDE-E936BE9E261A}.Debug|Any CPU.Build.0 = Debug|Any CPU
		{99F59E35-923F-4D3C-ABDE-E936BE9E261A}.Release|Any CPU.ActiveCfg = Release|Any CPU
		{99F59E35-923F-4D3C-ABDE-E936BE9E261A}.Release|Any CPU.Build.0 = Release|Any CPU
		{A61B2AFC-D276-4B4D-9AC2-0EEEE8A964DE}.Debug|Any CPU.ActiveCfg = Debug|Any CPU
		{A61B2AFC-D276-4B4D-9AC2-0EEEE8A964DE}.Debug|Any CPU.Build.0 = Debug|Any CPU
		{A61B2AFC-D276-4B4D-9AC2-0EEEE8A964DE}.Release|Any CPU.ActiveCfg = Release|Any CPU
		{A61B2AFC-D276-4B4D-9AC2-0EEEE8A964DE}.Release|Any CPU.Build.0 = Release|Any CPU
		{736470C1-5FCB-413B-B570-78931D97DD43}.Debug|Any CPU.ActiveCfg = Debug|Any CPU
		{736470C1-5FCB-413B-B570-78931D97DD43}.Debug|Any CPU.Build.0 = Debug|Any CPU
		{736470C1-5FCB-413B-B570-78931D97DD43}.Release|Any CPU.ActiveCfg = Release|Any CPU
		{736470C1-5FCB-413B-B570-78931D97DD43}.Release|Any CPU.Build.0 = Release|Any CPU
	EndGlobalSection
	GlobalSection(SolutionProperties) = preSolution
		HideSolutionNode = FALSE
	EndGlobalSection
	GlobalSection(NestedProjects) = preSolution
		{34A75C34-6485-4223-806B-D922B0D48116} = {DE013BA9-FDDF-4723-A575-E81F0C87397A}
		{93E60AF5-902C-4346-B4B6-667A042D9532} = {DE013BA9-FDDF-4723-A575-E81F0C87397A}
		{92B5C372-7F18-4E0D-A355-56D9B7E9A06E} = {DE013BA9-FDDF-4723-A575-E81F0C87397A}
		{50E66745-F8EA-4F6E-9AA5-1A84CC0060DF} = {DE013BA9-FDDF-4723-A575-E81F0C87397A}
		{DE013BA9-FDDF-4723-A575-E81F0C87397A} = {37457CB4-F9B1-46CC-BFFA-CFFD14347DED}
		{9C35A164-40CB-442B-9973-9E08E53DE091} = {DE013BA9-FDDF-4723-A575-E81F0C87397A}
		{F562F441-849B-4763-A0C7-6F1106A474FF} = {DE013BA9-FDDF-4723-A575-E81F0C87397A}
		{4E7D44E6-264B-4051-A641-0366699341F4} = {37457CB4-F9B1-46CC-BFFA-CFFD14347DED}
		{99F59E35-923F-4D3C-ABDE-E936BE9E261A} = {4E7D44E6-264B-4051-A641-0366699341F4}
		{A61B2AFC-D276-4B4D-9AC2-0EEEE8A964DE} = {4E7D44E6-264B-4051-A641-0366699341F4}
		{736470C1-5FCB-413B-B570-78931D97DD43} = {4E7D44E6-264B-4051-A641-0366699341F4}
	EndGlobalSection
	GlobalSection(ExtensibilityGlobals) = postSolution
		SolutionGuid = {5F62C3A5-2E10-46D7-A629-B9086A2E360E}
	EndGlobalSection
EndGlobal
